// !$*UTF8*$!
{
	archiveVersion = 1;
	classes = {
	};
	objectVersion = 55;
	objects = {

/* Begin PBXBuildFile section */
		45FF697F2A08E2E4008478EC /* AppDelegate.m in Sources */ = {isa = PBXBuildFile; fileRef = 45FF697E2A08E2E4008478EC /* AppDelegate.m */; };
		45FF69822A08E2E4008478EC /* SceneDelegate.m in Sources */ = {isa = PBXBuildFile; fileRef = 45FF69812A08E2E4008478EC /* SceneDelegate.m */; };
		45FF69882A08E2E4008478EC /* Main.storyboard in Resources */ = {isa = PBXBuildFile; fileRef = 45FF69862A08E2E4008478EC /* Main.storyboard */; };
		45FF698A2A08E2EC008478EC /* Assets.xcassets in Resources */ = {isa = PBXBuildFile; fileRef = 45FF69892A08E2EC008478EC /* Assets.xcassets */; };
		45FF698D2A08E2EC008478EC /* LaunchScreen.storyboard in Resources */ = {isa = PBXBuildFile; fileRef = 45FF698B2A08E2EC008478EC /* LaunchScreen.storyboard */; };
		45FF69902A08E2EC008478EC /* main.m in Sources */ = {isa = PBXBuildFile; fileRef = 45FF698F2A08E2EC008478EC /* main.m */; };
		45FF699C2A0E188C008478EC /* ShopViewController.m in Sources */ = {isa = PBXBuildFile; fileRef = 45FF699B2A0E188C008478EC /* ShopViewController.m */; };
		45FF699F2A0E18C8008478EC /* DeviceViewController.m in Sources */ = {isa = PBXBuildFile; fileRef = 45FF699E2A0E18C8008478EC /* DeviceViewController.m */; };
		45FF69A22A0E18EA008478EC /* MineViewController.m in Sources */ = {isa = PBXBuildFile; fileRef = 45FF69A12A0E18EA008478EC /* MineViewController.m */; };
		45FF69A82A0E19A7008478EC /* MainTableViewController.m in Sources */ = {isa = PBXBuildFile; fileRef = 45FF69A72A0E19A7008478EC /* MainTableViewController.m */; };
		45FF69AC2A0E218C008478EC /* amazone@3x.png in Resources */ = {isa = PBXBuildFile; fileRef = 45FF69AB2A0E218C008478EC /* amazone@3x.png */; };
		45FF69AE2A0E219A008478EC /* fanttic@3x.png in Resources */ = {isa = PBXBuildFile; fileRef = 45FF69AD2A0E219A008478EC /* fanttic@3x.png */; };
		45FF69B02A0E21AF008478EC /* icon_Mine@3x.png in Resources */ = {isa = PBXBuildFile; fileRef = 45FF69AF2A0E21AF008478EC /* icon_Mine@3x.png */; };
		45FF69B22A0E21C5008478EC /* icon_shop@3x.png in Resources */ = {isa = PBXBuildFile; fileRef = 45FF69B12A0E21C5008478EC /* icon_shop@3x.png */; };
		45FF69B42A0E21EA008478EC /* icon_Devices@3x.png in Resources */ = {isa = PBXBuildFile; fileRef = 45FF69B32A0E21EA008478EC /* icon_Devices@3x.png */; };
		506BB3AE5513C4354A236A9A /* libPods-fanttik.a in Frameworks */ = {isa = PBXBuildFile; fileRef = 121B3E2492AC626824874FC9 /* libPods-fanttik.a */; };
/* End PBXBuildFile section */

/* Begin PBXFileReference section */
		121B3E2492AC626824874FC9 /* libPods-fanttik.a */ = {isa = PBXFileReference; explicitFileType = archive.ar; includeInIndex = 0; path = "libPods-fanttik.a"; sourceTree = BUILT_PRODUCTS_DIR; };
		45FF697A2A08E2E4008478EC /* fanttik.app */ = {isa = PBXFileReference; explicitFileType = wrapper.application; includeInIndex = 0; path = fanttik.app; sourceTree = BUILT_PRODUCTS_DIR; };
		45FF697D2A08E2E4008478EC /* AppDelegate.h */ = {isa = PBXFileReference; lastKnownFileType = sourcecode.c.h; path = AppDelegate.h; sourceTree = "<group>"; };
		45FF697E2A08E2E4008478EC /* AppDelegate.m */ = {isa = PBXFileReference; lastKnownFileType = sourcecode.c.objc; path = AppDelegate.m; sourceTree = "<group>"; };
		45FF69802A08E2E4008478EC /* SceneDelegate.h */ = {isa = PBXFileReference; lastKnownFileType = sourcecode.c.h; path = SceneDelegate.h; sourceTree = "<group>"; };
		45FF69812A08E2E4008478EC /* SceneDelegate.m */ = {isa = PBXFileReference; lastKnownFileType = sourcecode.c.objc; path = SceneDelegate.m; sourceTree = "<group>"; };
		45FF69872A08E2E4008478EC /* Base */ = {isa = PBXFileReference; lastKnownFileType = file.storyboard; name = Base; path = Base.lproj/Main.storyboard; sourceTree = "<group>"; };
		45FF69892A08E2EC008478EC /* Assets.xcassets */ = {isa = PBXFileReference; lastKnownFileType = folder.assetcatalog; path = Assets.xcassets; sourceTree = "<group>"; };
		45FF698C2A08E2EC008478EC /* Base */ = {isa = PBXFileReference; lastKnownFileType = file.storyboard; name = Base; path = Base.lproj/LaunchScreen.storyboard; sourceTree = "<group>"; };
		45FF698E2A08E2EC008478EC /* Info.plist */ = {isa = PBXFileReference; lastKnownFileType = text.plist.xml; path = Info.plist; sourceTree = "<group>"; };
		45FF698F2A08E2EC008478EC /* main.m */ = {isa = PBXFileReference; lastKnownFileType = sourcecode.c.objc; path = main.m; sourceTree = "<group>"; };
		45FF699A2A0E188C008478EC /* ShopViewController.h */ = {isa = PBXFileReference; lastKnownFileType = sourcecode.c.h; path = ShopViewController.h; sourceTree = "<group>"; };
		45FF699B2A0E188C008478EC /* ShopViewController.m */ = {isa = PBXFileReference; lastKnownFileType = sourcecode.c.objc; path = ShopViewController.m; sourceTree = "<group>"; };
		45FF699D2A0E18C8008478EC /* DeviceViewController.h */ = {isa = PBXFileReference; lastKnownFileType = sourcecode.c.h; path = DeviceViewController.h; sourceTree = "<group>"; };
		45FF699E2A0E18C8008478EC /* DeviceViewController.m */ = {isa = PBXFileReference; lastKnownFileType = sourcecode.c.objc; path = DeviceViewController.m; sourceTree = "<group>"; };
		45FF69A02A0E18EA008478EC /* MineViewController.h */ = {isa = PBXFileReference; lastKnownFileType = sourcecode.c.h; path = MineViewController.h; sourceTree = "<group>"; };
		45FF69A12A0E18EA008478EC /* MineViewController.m */ = {isa = PBXFileReference; lastKnownFileType = sourcecode.c.objc; path = MineViewController.m; sourceTree = "<group>"; };
		45FF69A62A0E19A7008478EC /* MainTableViewController.h */ = {isa = PBXFileReference; lastKnownFileType = sourcecode.c.h; path = MainTableViewController.h; sourceTree = "<group>"; };
		45FF69A72A0E19A7008478EC /* MainTableViewController.m */ = {isa = PBXFileReference; lastKnownFileType = sourcecode.c.objc; path = MainTableViewController.m; sourceTree = "<group>"; };
		45FF69AB2A0E218C008478EC /* amazone@3x.png */ = {isa = PBXFileReference; lastKnownFileType = image.png; name = "amazone@3x.png"; path = "Resource/Home/amazone@3x.png"; sourceTree = SOURCE_ROOT; };
		45FF69AD2A0E219A008478EC /* fanttic@3x.png */ = {isa = PBXFileReference; lastKnownFileType = image.png; name = "fanttic@3x.png"; path = "Resource/Home/fanttic@3x.png"; sourceTree = SOURCE_ROOT; };
		45FF69AF2A0E21AF008478EC /* icon_Mine@3x.png */ = {isa = PBXFileReference; lastKnownFileType = image.png; name = "icon_Mine@3x.png"; path = "Resource/Home/icon_Mine@3x.png"; sourceTree = SOURCE_ROOT; };
		45FF69B12A0E21C5008478EC /* icon_shop@3x.png */ = {isa = PBXFileReference; lastKnownFileType = image.png; name = "icon_shop@3x.png"; path = "Resource/Home/icon_shop@3x.png"; sourceTree = SOURCE_ROOT; };
		45FF69B32A0E21EA008478EC /* icon_Devices@3x.png */ = {isa = PBXFileReference; lastKnownFileType = image.png; name = "icon_Devices@3x.png"; path = "Resource/Home/icon_Devices@3x.png"; sourceTree = SOURCE_ROOT; };
		C7ECB66928C186D2E1B1D39A /* Pods-fanttik.release.xcconfig */ = {isa = PBXFileReference; includeInIndex = 1; lastKnownFileType = text.xcconfig; name = "Pods-fanttik.release.xcconfig"; path = "Target Support Files/Pods-fanttik/Pods-fanttik.release.xcconfig"; sourceTree = "<group>"; };
		DB5CD52E88D7E946A55353DA /* Pods-fanttik.debug.xcconfig */ = {isa = PBXFileReference; includeInIndex = 1; lastKnownFileType = text.xcconfig; name = "Pods-fanttik.debug.xcconfig"; path = "Target Support Files/Pods-fanttik/Pods-fanttik.debug.xcconfig"; sourceTree = "<group>"; };
/* End PBXFileReference section */

/* Begin PBXFrameworksBuildPhase section */
		45FF69772A08E2E4008478EC /* Frameworks */ = {
			isa = PBXFrameworksBuildPhase;
			buildActionMask = 2147483647;
			files = (
				506BB3AE5513C4354A236A9A /* libPods-fanttik.a in Frameworks */,
			);
			runOnlyForDeploymentPostprocessing = 0;
		};
/* End PBXFrameworksBuildPhase section */

/* Begin PBXGroup section */
		45FF69712A08E2E4008478EC = {
			isa = PBXGroup;
			children = (
				45FF69A92A0E1FF8008478EC /* Resource */,
				45FF697C2A08E2E4008478EC /* fanttik */,
				45FF697B2A08E2E4008478EC /* Products */,
				50A34DAF7B0276321133EF7D /* Pods */,
				D7724394082FF71D0401B245 /* Frameworks */,
			);
			sourceTree = "<group>";
		};
		45FF697B2A08E2E4008478EC /* Products */ = {
			isa = PBXGroup;
			children = (
				45FF697A2A08E2E4008478EC /* fanttik.app */,
			);
			name = Products;
			sourceTree = "<group>";
		};
		45FF697C2A08E2E4008478EC /* fanttik */ = {
			isa = PBXGroup;
			children = (
				45FF69A62A0E19A7008478EC /* MainTableViewController.h */,
				45FF69A72A0E19A7008478EC /* MainTableViewController.m */,
				45FF699A2A0E188C008478EC /* ShopViewController.h */,
				45FF699B2A0E188C008478EC /* ShopViewController.m */,
				45FF699D2A0E18C8008478EC /* DeviceViewController.h */,
				45FF699E2A0E18C8008478EC /* DeviceViewController.m */,
				45FF69A02A0E18EA008478EC /* MineViewController.h */,
				45FF69A12A0E18EA008478EC /* MineViewController.m */,
				45FF697D2A08E2E4008478EC /* AppDelegate.h */,
				45FF697E2A08E2E4008478EC /* AppDelegate.m */,
				45FF69802A08E2E4008478EC /* SceneDelegate.h */,
				45FF69812A08E2E4008478EC /* SceneDelegate.m */,
				45FF69862A08E2E4008478EC /* Main.storyboard */,
				45FF69892A08E2EC008478EC /* Assets.xcassets */,
				45FF698B2A08E2EC008478EC /* LaunchScreen.storyboard */,
				45FF698E2A08E2EC008478EC /* Info.plist */,
				45FF698F2A08E2EC008478EC /* main.m */,
			);
			path = fanttik;
			sourceTree = "<group>";
		};
		45FF69A92A0E1FF8008478EC /* Resource */ = {
			isa = PBXGroup;
			children = (
				45FF69AA2A0E2011008478EC /* home */,
			);
			path = Resource;
			sourceTree = "<group>";
		};
		45FF69AA2A0E2011008478EC /* home */ = {
			isa = PBXGroup;
			children = (
				45FF69B32A0E21EA008478EC /* icon_Devices@3x.png */,
				45FF69B12A0E21C5008478EC /* icon_shop@3x.png */,
				45FF69AF2A0E21AF008478EC /* icon_Mine@3x.png */,
				45FF69AD2A0E219A008478EC /* fanttic@3x.png */,
				45FF69AB2A0E218C008478EC /* amazone@3x.png */,
			);
			path = home;
			sourceTree = "<group>";
		};
		50A34DAF7B0276321133EF7D /* Pods */ = {
			isa = PBXGroup;
			children = (
				DB5CD52E88D7E946A55353DA /* Pods-fanttik.debug.xcconfig */,
				C7ECB66928C186D2E1B1D39A /* Pods-fanttik.release.xcconfig */,
			);
			path = Pods;
			sourceTree = "<group>";
		};
		D7724394082FF71D0401B245 /* Frameworks */ = {
			isa = PBXGroup;
			children = (
				121B3E2492AC626824874FC9 /* libPods-fanttik.a */,
			);
			name = Frameworks;
			sourceTree = "<group>";
		};
/* End PBXGroup section */

/* Begin PBXNativeTarget section */
		45FF69792A08E2E4008478EC /* fanttik */ = {
			isa = PBXNativeTarget;
			buildConfigurationList = 45FF69932A08E2EC008478EC /* Build configuration list for PBXNativeTarget "fanttik" */;
			buildPhases = (
				D1FD8FF1BCE488653AE76F42 /* [CP] Check Pods Manifest.lock */,
				45FF69762A08E2E4008478EC /* Sources */,
				45FF69772A08E2E4008478EC /* Frameworks */,
				45FF69782A08E2E4008478EC /* Resources */,
			);
			buildRules = (
			);
			dependencies = (
			);
			name = fanttik;
			productName = fanttik;
			productReference = 45FF697A2A08E2E4008478EC /* fanttik.app */;
			productType = "com.apple.product-type.application";
		};
/* End PBXNativeTarget section */

/* Begin PBXProject section */
		45FF69722A08E2E4008478EC /* Project object */ = {
			isa = PBXProject;
			attributes = {
				BuildIndependentTargetsInParallel = 1;
				LastUpgradeCheck = 1340;
				TargetAttributes = {
					45FF69792A08E2E4008478EC = {
						CreatedOnToolsVersion = 13.4.1;
					};
				};
			};
			buildConfigurationList = 45FF69752A08E2E4008478EC /* Build configuration list for PBXProject "fanttik" */;
			compatibilityVersion = "Xcode 13.0";
			developmentRegion = en;
			hasScannedForEncodings = 0;
			knownRegions = (
				en,
				Base,
			);
			mainGroup = 45FF69712A08E2E4008478EC;
			productRefGroup = 45FF697B2A08E2E4008478EC /* Products */;
			projectDirPath = "";
			projectRoot = "";
			targets = (
				45FF69792A08E2E4008478EC /* fanttik */,
			);
		};
/* End PBXProject section */

/* Begin PBXResourcesBuildPhase section */
		45FF69782A08E2E4008478EC /* Resources */ = {
			isa = PBXResourcesBuildPhase;
			buildActionMask = 2147483647;
			files = (
				45FF69AE2A0E219A008478EC /* fanttic@3x.png in Resources */,
				45FF69B22A0E21C5008478EC /* icon_shop@3x.png in Resources */,
				45FF698D2A08E2EC008478EC /* LaunchScreen.storyboard in Resources */,
				45FF698A2A08E2EC008478EC /* Assets.xcassets in Resources */,
				45FF69B42A0E21EA008478EC /* icon_Devices@3x.png in Resources */,
				45FF69882A08E2E4008478EC /* Main.storyboard in Resources */,
				45FF69AC2A0E218C008478EC /* amazone@3x.png in Resources */,
				45FF69B02A0E21AF008478EC /* icon_Mine@3x.png in Resources */,
			);
			runOnlyForDeploymentPostprocessing = 0;
		};
/* End PBXResourcesBuildPhase section */

/* Begin PBXShellScriptBuildPhase section */
		D1FD8FF1BCE488653AE76F42 /* [CP] Check Pods Manifest.lock */ = {
			isa = PBXShellScriptBuildPhase;
			buildActionMask = 2147483647;
			files = (
			);
			inputFileListPaths = (
			);
			inputPaths = (
				"${PODS_PODFILE_DIR_PATH}/Podfile.lock",
				"${PODS_ROOT}/Manifest.lock",
			);
			name = "[CP] Check Pods Manifest.lock";
			outputFileListPaths = (
			);
			outputPaths = (
				"$(DERIVED_FILE_DIR)/Pods-fanttik-checkManifestLockResult.txt",
			);
			runOnlyForDeploymentPostprocessing = 0;
			shellPath = /bin/sh;
			shellScript = "diff \"${PODS_PODFILE_DIR_PATH}/Podfile.lock\" \"${PODS_ROOT}/Manifest.lock\" > /dev/null\nif [ $? != 0 ] ; then\n    # print error to STDERR\n    echo \"error: The sandbox is not in sync with the Podfile.lock. Run 'pod install' or update your CocoaPods installation.\" >&2\n    exit 1\nfi\n# This output is used by Xcode 'outputs' to avoid re-running this script phase.\necho \"SUCCESS\" > \"${SCRIPT_OUTPUT_FILE_0}\"\n";
			showEnvVarsInLog = 0;
		};
/* End PBXShellScriptBuildPhase section */

/* Begin PBXSourcesBuildPhase section */
		45FF69762A08E2E4008478EC /* Sources */ = {
			isa = PBXSourcesBuildPhase;
			buildActionMask = 2147483647;
			files = (
				45FF69A82A0E19A7008478EC /* MainTableViewController.m in Sources */,
				45FF69A22A0E18EA008478EC /* MineViewController.m in Sources */,
				45FF697F2A08E2E4008478EC /* AppDelegate.m in Sources */,
				45FF69902A08E2EC008478EC /* main.m in Sources */,
				45FF699C2A0E188C008478EC /* ShopViewController.m in Sources */,
				45FF699F2A0E18C8008478EC /* DeviceViewController.m in Sources */,
				45FF69822A08E2E4008478EC /* SceneDelegate.m in Sources */,
			);
			runOnlyForDeploymentPostprocessing = 0;
		};
/* End PBXSourcesBuildPhase section */

/* Begin PBXVariantGroup section */
		45FF69862A08E2E4008478EC /* Main.storyboard */ = {
			isa = PBXVariantGroup;
			children = (
				45FF69872A08E2E4008478EC /* Base */,
			);
			name = Main.storyboard;
			sourceTree = "<group>";
		};
		45FF698B2A08E2EC008478EC /* LaunchScreen.storyboard */ = {
			isa = PBXVariantGroup;
			children = (
				45FF698C2A08E2EC008478EC /* Base */,
			);
			name = LaunchScreen.storyboard;
			sourceTree = "<group>";
		};
/* End PBXVariantGroup section */

/* Begin XCBuildConfiguration section */
		45FF69912A08E2EC008478EC /* Debug */ = {
			isa = XCBuildConfiguration;
			buildSettings = {
				ALWAYS_SEARCH_USER_PATHS = NO;
				CLANG_ANALYZER_NONNULL = YES;
				CLANG_ANALYZER_NUMBER_OBJECT_CONVERSION = YES_AGGRESSIVE;
				CLANG_CXX_LANGUAGE_STANDARD = "gnu++17";
				CLANG_ENABLE_MODULES = YES;
				CLANG_ENABLE_OBJC_ARC = YES;
				CLANG_ENABLE_OBJC_WEAK = YES;
				CLANG_WARN_BLOCK_CAPTURE_AUTORELEASING = YES;
				CLANG_WARN_BOOL_CONVERSION = YES;
				CLANG_WARN_COMMA = YES;
				CLANG_WARN_CONSTANT_CONVERSION = YES;
				CLANG_WARN_DEPRECATED_OBJC_IMPLEMENTATIONS = YES;
				CLANG_WARN_DIRECT_OBJC_ISA_USAGE = YES_ERROR;
				CLANG_WARN_DOCUMENTATION_COMMENTS = YES;
				CLANG_WARN_EMPTY_BODY = YES;
				CLANG_WARN_ENUM_CONVERSION = YES;
				CLANG_WARN_INFINITE_RECURSION = YES;
				CLANG_WARN_INT_CONVERSION = YES;
				CLANG_WARN_NON_LITERAL_NULL_CONVERSION = YES;
				CLANG_WARN_OBJC_IMPLICIT_RETAIN_SELF = YES;
				CLANG_WARN_OBJC_LITERAL_CONVERSION = YES;
				CLANG_WARN_OBJC_ROOT_CLASS = YES_ERROR;
				CLANG_WARN_QUOTED_INCLUDE_IN_FRAMEWORK_HEADER = YES;
				CLANG_WARN_RANGE_LOOP_ANALYSIS = YES;
				CLANG_WARN_STRICT_PROTOTYPES = YES;
				CLANG_WARN_SUSPICIOUS_MOVE = YES;
				CLANG_WARN_UNGUARDED_AVAILABILITY = YES_AGGRESSIVE;
				CLANG_WARN_UNREACHABLE_CODE = YES;
				CLANG_WARN__DUPLICATE_METHOD_MATCH = YES;
				COPY_PHASE_STRIP = NO;
				DEBUG_INFORMATION_FORMAT = dwarf;
				ENABLE_STRICT_OBJC_MSGSEND = YES;
				ENABLE_TESTABILITY = YES;
				GCC_C_LANGUAGE_STANDARD = gnu11;
				GCC_DYNAMIC_NO_PIC = NO;
				GCC_NO_COMMON_BLOCKS = YES;
				GCC_OPTIMIZATION_LEVEL = 0;
				GCC_PREPROCESSOR_DEFINITIONS = (
					"DEBUG=1",
					"$(inherited)",
				);
				GCC_WARN_64_TO_32_BIT_CONVERSION = YES;
				GCC_WARN_ABOUT_RETURN_TYPE = YES_ERROR;
				GCC_WARN_UNDECLARED_SELECTOR = YES;
				GCC_WARN_UNINITIALIZED_AUTOS = YES_AGGRESSIVE;
				GCC_WARN_UNUSED_FUNCTION = YES;
				GCC_WARN_UNUSED_VARIABLE = YES;
				IPHONEOS_DEPLOYMENT_TARGET = 13.0;
				MTL_ENABLE_DEBUG_INFO = INCLUDE_SOURCE;
				MTL_FAST_MATH = YES;
				ONLY_ACTIVE_ARCH = YES;
				SDKROOT = iphoneos;
			};
			name = Debug;
		};
		45FF69922A08E2EC008478EC /* Release */ = {
			isa = XCBuildConfiguration;
			buildSettings = {
				ALWAYS_SEARCH_USER_PATHS = NO;
				CLANG_ANALYZER_NONNULL = YES;
				CLANG_ANALYZER_NUMBER_OBJECT_CONVERSION = YES_AGGRESSIVE;
				CLANG_CXX_LANGUAGE_STANDARD = "gnu++17";
				CLANG_ENABLE_MODULES = YES;
				CLANG_ENABLE_OBJC_ARC = YES;
				CLANG_ENABLE_OBJC_WEAK = YES;
				CLANG_WARN_BLOCK_CAPTURE_AUTORELEASING = YES;
				CLANG_WARN_BOOL_CONVERSION = YES;
				CLANG_WARN_COMMA = YES;
				CLANG_WARN_CONSTANT_CONVERSION = YES;
				CLANG_WARN_DEPRECATED_OBJC_IMPLEMENTATIONS = YES;
				CLANG_WARN_DIRECT_OBJC_ISA_USAGE = YES_ERROR;
				CLANG_WARN_DOCUMENTATION_COMMENTS = YES;
				CLANG_WARN_EMPTY_BODY = YES;
				CLANG_WARN_ENUM_CONVERSION = YES;
				CLANG_WARN_INFINITE_RECURSION = YES;
				CLANG_WARN_INT_CONVERSION = YES;
				CLANG_WARN_NON_LITERAL_NULL_CONVERSION = YES;
				CLANG_WARN_OBJC_IMPLICIT_RETAIN_SELF = YES;
				CLANG_WARN_OBJC_LITERAL_CONVERSION = YES;
				CLANG_WARN_OBJC_ROOT_CLASS = YES_ERROR;
				CLANG_WARN_QUOTED_INCLUDE_IN_FRAMEWORK_HEADER = YES;
				CLANG_WARN_RANGE_LOOP_ANALYSIS = YES;
				CLANG_WARN_STRICT_PROTOTYPES = YES;
				CLANG_WARN_SUSPICIOUS_MOVE = YES;
				CLANG_WARN_UNGUARDED_AVAILABILITY = YES_AGGRESSIVE;
				CLANG_WARN_UNREACHABLE_CODE = YES;
				CLANG_WARN__DUPLICATE_METHOD_MATCH = YES;
				COPY_PHASE_STRIP = NO;
				DEBUG_INFORMATION_FORMAT = "dwarf-with-dsym";
				ENABLE_NS_ASSERTIONS = NO;
				ENABLE_STRICT_OBJC_MSGSEND = YES;
				GCC_C_LANGUAGE_STANDARD = gnu11;
				GCC_NO_COMMON_BLOCKS = YES;
				GCC_WARN_64_TO_32_BIT_CONVERSION = YES;
				GCC_WARN_ABOUT_RETURN_TYPE = YES_ERROR;
				GCC_WARN_UNDECLARED_SELECTOR = YES;
				GCC_WARN_UNINITIALIZED_AUTOS = YES_AGGRESSIVE;
				GCC_WARN_UNUSED_FUNCTION = YES;
				GCC_WARN_UNUSED_VARIABLE = YES;
				IPHONEOS_DEPLOYMENT_TARGET = 13.0;
				MTL_ENABLE_DEBUG_INFO = NO;
				MTL_FAST_MATH = YES;
				SDKROOT = iphoneos;
				VALIDATE_PRODUCT = YES;
			};
			name = Release;
		};
		45FF69942A08E2EC008478EC /* Debug */ = {
			isa = XCBuildConfiguration;
			baseConfigurationReference = DB5CD52E88D7E946A55353DA /* Pods-fanttik.debug.xcconfig */;
			buildSettings = {
				ASSETCATALOG_COMPILER_APPICON_NAME = AppIcon;
				ASSETCATALOG_COMPILER_GLOBAL_ACCENT_COLOR_NAME = AccentColor;
				CODE_SIGN_STYLE = Automatic;
				CURRENT_PROJECT_VERSION = 1;
				DEVELOPMENT_TEAM = KVC8NZTYE2;
				GENERATE_INFOPLIST_FILE = YES;
				INFOPLIST_FILE = fanttik/Info.plist;
				INFOPLIST_KEY_UIApplicationSupportsIndirectInputEvents = YES;
				INFOPLIST_KEY_UILaunchStoryboardName = LaunchScreen;
				INFOPLIST_KEY_UIMainStoryboardFile = Main;
				INFOPLIST_KEY_UISupportedInterfaceOrientations_iPad = "UIInterfaceOrientationPortrait UIInterfaceOrientationPortraitUpsideDown UIInterfaceOrientationLandscapeLeft UIInterfaceOrientationLandscapeRight";
				INFOPLIST_KEY_UISupportedInterfaceOrientations_iPhone = "UIInterfaceOrientationPortrait UIInterfaceOrientationLandscapeLeft UIInterfaceOrientationLandscapeRight";
				LD_RUNPATH_SEARCH_PATHS = (
					"$(inherited)",
					"@executable_path/Frameworks",
				);
				MARKETING_VERSION = 1.0;
				PRODUCT_BUNDLE_IDENTIFIER = com.luoxs.www.fanttik;
				PRODUCT_NAME = "$(TARGET_NAME)";
				SWIFT_EMIT_LOC_STRINGS = YES;
				TARGETED_DEVICE_FAMILY = "1,2";
			};
			name = Debug;
		};
		45FF69952A08E2EC008478EC /* Release */ = {
			isa = XCBuildConfiguration;
			baseConfigurationReference = C7ECB66928C186D2E1B1D39A /* Pods-fanttik.release.xcconfig */;
			buildSettings = {
				ASSETCATALOG_COMPILER_APPICON_NAME = AppIcon;
				ASSETCATALOG_COMPILER_GLOBAL_ACCENT_COLOR_NAME = AccentColor;
				CODE_SIGN_STYLE = Automatic;
				CURRENT_PROJECT_VERSION = 1;
				DEVELOPMENT_TEAM = KVC8NZTYE2;
				GENERATE_INFOPLIST_FILE = YES;
				INFOPLIST_FILE = fanttik/Info.plist;
				INFOPLIST_KEY_UIApplicationSupportsIndirectInputEvents = YES;
				INFOPLIST_KEY_UILaunchStoryboardName = LaunchScreen;
				INFOPLIST_KEY_UIMainStoryboardFile = Main;
				INFOPLIST_KEY_UISupportedInterfaceOrientations_iPad = "UIInterfaceOrientationPortrait UIInterfaceOrientationPortraitUpsideDown UIInterfaceOrientationLandscapeLeft UIInterfaceOrientationLandscapeRight";
				INFOPLIST_KEY_UISupportedInterfaceOrientations_iPhone = "UIInterfaceOrientationPortrait UIInterfaceOrientationLandscapeLeft UIInterfaceOrientationLandscapeRight";
				LD_RUNPATH_SEARCH_PATHS = (
					"$(inherited)",
					"@executable_path/Frameworks",
				);
				MARKETING_VERSION = 1.0;
				PRODUCT_BUNDLE_IDENTIFIER = com.luoxs.www.fanttik;
				PRODUCT_NAME = "$(TARGET_NAME)";
				SWIFT_EMIT_LOC_STRINGS = YES;
				TARGETED_DEVICE_FAMILY = "1,2";
			};
			name = Release;
		};
/* End XCBuildConfiguration section */

/* Begin XCConfigurationList section */
		45FF69752A08E2E4008478EC /* Build configuration list for PBXProject "fanttik" */ = {
			isa = XCConfigurationList;
			buildConfigurations = (
				45FF69912A08E2EC008478EC /* Debug */,
				45FF69922A08E2EC008478EC /* Release */,
			);
			defaultConfigurationIsVisible = 0;
			defaultConfigurationName = Release;
		};
		45FF69932A08E2EC008478EC /* Build configuration list for PBXNativeTarget "fanttik" */ = {
			isa = XCConfigurationList;
			buildConfigurations = (
				45FF69942A08E2EC008478EC /* Debug */,
				45FF69952A08E2EC008478EC /* Release */,
			);
			defaultConfigurationIsVisible = 0;
			defaultConfigurationName = Release;
		};
/* End XCConfigurationList section */
	};
	rootObject = 45FF69722A08E2E4008478EC /* Project object */;
}
